
Microsoft Visual Studio Solution File, Format Version 12.00
# Visual Studio Version 17
VisualStudioVersion = 17.0.32112.339
MinimumVisualStudioVersion = 10.0.40219.1
Project("{9A19103F-16F7-4668-BE54-9A1E7A4F7556}") = "TutorBuddyApi", "TutorBuddyApi\TutorBuddyApi.csproj", "{CFB36AAD-DD1B-456D-91C1-34268D3D9712}"
EndProject
Project("{9A19103F-16F7-4668-BE54-9A1E7A4F7556}") = "TutorBuddy.Infastructure", "TutorialBuddy.Infastructure\TutorBuddy.Infastructure.csproj", "{41B5EDCE-4583-40EE-84A0-45B9AF9BD9CB}"
EndProject
Project("{9A19103F-16F7-4668-BE54-9A1E7A4F7556}") = "TutorBuddy.Core", "TutorialBuddy.Core\TutorBuddy.Core.csproj", "{2E3B957F-91FB-4D4D-A298-9D02C65DFA51}"
EndProject
Global
	GlobalSection(SolutionConfigurationPlatforms) = preSolution
		Debug|Any CPU = Debug|Any CPU
		Release|Any CPU = Release|Any CPU
	EndGlobalSection
	GlobalSection(ProjectConfigurationPlatforms) = postSolution
		{CFB36AAD-DD1B-456D-91C1-34268D3D9712}.Debug|Any CPU.ActiveCfg = Debug|Any CPU
		{CFB36AAD-DD1B-456D-91C1-34268D3D9712}.Debug|Any CPU.Build.0 = Debug|Any CPU
		{CFB36AAD-DD1B-456D-91C1-34268D3D9712}.Release|Any CPU.ActiveCfg = Release|Any CPU
		{CFB36AAD-DD1B-456D-91C1-34268D3D9712}.Release|Any CPU.Build.0 = Release|Any CPU
		{41B5EDCE-4583-40EE-84A0-45B9AF9BD9CB}.Debug|Any CPU.ActiveCfg = Debug|Any CPU
		{41B5EDCE-4583-40EE-84A0-45B9AF9BD9CB}.Debug|Any CPU.Build.0 = Debug|Any CPU
		{41B5EDCE-4583-40EE-84A0-45B9AF9BD9CB}.Release|Any CPU.ActiveCfg = Release|Any CPU
		{41B5EDCE-4583-40EE-84A0-45B9AF9BD9CB}.Release|Any CPU.Build.0 = Release|Any CPU
		{2E3B957F-91FB-4D4D-A298-9D02C65DFA51}.Debug|Any CPU.ActiveCfg = Debug|Any CPU
		{2E3B957F-91FB-4D4D-A298-9D02C65DFA51}.Debug|Any CPU.Build.0 = Debug|Any CPU
		{2E3B957F-91FB-4D4D-A298-9D02C65DFA51}.Release|Any CPU.ActiveCfg = Release|Any CPU
		{2E3B957F-91FB-4D4D-A298-9D02C65DFA51}.Release|Any CPU.Build.0 = Release|Any CPU
	EndGlobalSection
	GlobalSection(SolutionProperties) = preSolution
		HideSolutionNode = FALSE
	EndGlobalSection
	GlobalSection(ExtensibilityGlobals) = postSolution
		SolutionGuid = {53CCE0CA-F9B8-4BE7-A6A0-38D508209466}
	EndGlobalSection
EndGlobal
